<?xml version="1.0" encoding="utf-8"?>
<Project ToolsVersion="4.0" xmlns="http://schemas.microsoft.com/developer/msbuild/2003">
  <ItemGroup>
    <Filter Include="入口">
      <UniqueIdentifier>{1A1A1A1A-0000-0000-0000-000000000001}</UniqueIdentifier>
    </Filter>
    <Filter Include="入口\app">
      <UniqueIdentifier>{1A1A1A1A-0000-0000-0000-000000000002}</UniqueIdentifier>
    </Filter>
    <Filter Include="入口\ui">
      <UniqueIdentifier>{1A1A1A1A-0000-0000-0000-000000000003}</UniqueIdentifier>
    </Filter>
    <Filter Include="核心">
      <UniqueIdentifier>{1A1A1A1A-0000-0000-0000-000000000004}</UniqueIdentifier>
    </Filter>
    <Filter Include="核心\loader">
      <UniqueIdentifier>{1A1A1A1A-0000-0000-0000-000000000005}</UniqueIdentifier>
    </Filter>
    <Filter Include="工具">
      <UniqueIdentifier>{1A1A1A1A-0000-0000-0000-000000000006}</UniqueIdentifier>
    </Filter>
    <Filter Include="核心\navigation">
      <UniqueIdentifier>{1A1A1A1A-0000-0000-0000-000000000007}</UniqueIdentifier>
    </Filter>
    <Filter Include="核心\processing">
      <UniqueIdentifier>{1A1A1A1A-0000-0000-0000-000000000008}</UniqueIdentifier>
    </Filter>
    <Filter Include="核心\analysis">
      <UniqueIdentifier>{1A1A1A1A-0000-0000-0000-000000000009}</UniqueIdentifier>
    </Filter>
    <Filter Include="核心\cache">
      <UniqueIdentifier>{1A1A1A1A-0000-0000-0000-000000000010}</UniqueIdentifier>
    </Filter>
  </ItemGroup>

  <ItemGroup>
    <ClInclude Include="app\Application.h"><Filter>入口\app</Filter></ClInclude>
    <ClInclude Include="app\MainWindow.h"><Filter>入口\app</Filter></ClInclude>
    <ClInclude Include="app\MainWindow.ui"><Filter>入口\app</Filter></ClInclude>
    <ClInclude Include="ui\ImageView.h"><Filter>入口\ui</Filter></ClInclude>
    <ClInclude Include="ui\ThumbnailBar.h"><Filter>入口\ui</Filter></ClInclude>
    <ClInclude Include="ui\TitleBar.h"><Filter>入口\ui</Filter></ClInclude>
    <ClInclude Include="ui\PreprocessPanel.h"><Filter>入口\ui</Filter></ClInclude>
    <ClInclude Include="ui\AnalysisPanel.h"><Filter>入口\ui</Filter></ClInclude>
    <ClInclude Include="core\loader\ImageLoader.h"><Filter>核心\loader</Filter></ClInclude>
    <ClInclude Include="core\navigation\DirectoryModel.h"><Filter>核心\navigation</Filter></ClInclude>
    <ClInclude Include="core\processing\ImageProcessor.h"><Filter>核心\processing</Filter></ClInclude>
    <ClInclude Include="core\processing\ProcessingPreset.h"><Filter>核心\processing</Filter></ClInclude>
    <ClInclude Include="core\analysis\ImageAnalysis.h"><Filter>核心\analysis</Filter></ClInclude>
    <ClInclude Include="core\cache\ImageCache.h"><Filter>核心\cache</Filter></ClInclude>
    <ClInclude Include="core\cache\ThumbnailCache.h"><Filter>核心\cache</Filter></ClInclude>
    <ClInclude Include="core\cache\ImagePyramid.h"><Filter>核心\cache</Filter></ClInclude>
    <ClInclude Include="util\ElapsedLog.h"><Filter>工具</Filter></ClInclude>
  </ItemGroup>

  <ItemGroup>
    <ClCompile Include="main.cpp"><Filter>入口</Filter></ClCompile>
    <ClCompile Include="app\Application.cpp"><Filter>入口\app</Filter></ClCompile>
    <ClCompile Include="app\MainWindow.cpp"><Filter>入口\app</Filter></ClCompile>
    <ClCompile Include="ui\ImageView.cpp"><Filter>入口\ui</Filter></ClCompile>
    <ClCompile Include="ui\ThumbnailBar.cpp"><Filter>入口\ui</Filter></ClCompile>
    <ClCompile Include="ui\TitleBar.cpp"><Filter>入口\ui</Filter></ClCompile>
    <ClCompile Include="ui\PreprocessPanel.cpp"><Filter>入口\ui</Filter></ClCompile>
    <ClCompile Include="ui\AnalysisPanel.cpp"><Filter>入口\ui</Filter></ClCompile>
    <ClCompile Include="core\loader\ImageLoader.cpp"><Filter>核心\loader</Filter></ClCompile>
    <ClCompile Include="core\navigation\DirectoryModel.cpp"><Filter>核心\navigation</Filter></ClCompile>
    <ClCompile Include="core\processing\ImageProcessor.cpp"><Filter>核心\processing</Filter></ClCompile>
    <ClCompile Include="core\processing\ProcessingPreset.cpp"><Filter>核心\processing</Filter></ClCompile>
    <ClCompile Include="core\analysis\ImageAnalysis.cpp"><Filter>核心\analysis</Filter></ClCompile>
    <ClCompile Include="core\cache\ImageCache.cpp"><Filter>核心\cache</Filter></ClCompile>
    <ClCompile Include="core\cache\ThumbnailCache.cpp"><Filter>核心\cache</Filter></ClCompile>
    <ClCompile Include="core\cache\ImagePyramid.cpp"><Filter>核心\cache</Filter></ClCompile>
  </ItemGroup>
  <ItemGroup>
    <None Include="..\translations\ImageViewer_en_US.ts" />
  </ItemGroup>
</Project>
